{
  "name": "jarvis-pi-backend",
  "version": "1.0.0",
  "lockfileVersion": 3,
  "requires": true,
  "packages": {
    "": {
      "name": "jarvis-pi-backend",
      "version": "1.0.0",
      "license": "ISC",
      "dependencies": {
        "dotenv": "^17.4.2",
        "evdev": "^0.3.0"
      }
    },
    "node_modules/dotenv": {
      "version": "17.4.2",
      "resolved": "https://registry.npmjs.org/dotenv/-/dotenv-17.4.2.tgz",
      "integrity": "sha512-nI4U3TottKAcAD9LLud4Cb7b2QztQMUEfHbvhTH09bqXTxnSie8WnjPALV/WMCrJZ6UV/qHJ6L03OqO3LcdYZw==",
      "license": "BSD-2-Clause",
      "engines": {
        "node": ">=12"
      },
      "funding": {
        "url": "https://dotenvx.com"
      }
    },
    "node_modules/evdev": {
      "version": "0.3.0",
      "resolved": "https://registry.npmjs.org/evdev/-/evdev-0.3.0.tgz",
      "integrity": "sha512-drtE6rsavEy586BRi57LPpyGwHTbzJc+RA43LmdfIr2fMC4Ez5JGZ0ybTkEorsTv6Y027ISyGp7QHu0NON2wFA==",
      "hasInstallScript": true,
      "license": "MIT",
      "os": [
        "linux"
      ]
    }
  }
}
