{
  "name": "jarvis-pi-backend",
  "version": "1.0.0",
  "lockfileVersion": 3,
  "requires": true,
  "packages": {
    "": {
      "name": "jarvis-pi-backend",
      "version": "1.0.0",
      "license": "ISC",
      "dependencies": {
        "evdev": "^0.3.0"
      }
    },
    "node_modules/evdev": {
      "version": "0.3.0",
      "resolved": "https://registry.npmjs.org/evdev/-/evdev-0.3.0.tgz",
      "integrity": "sha512-drtE6rsavEy586BRi57LPpyGwHTbzJc+RA43LmdfIr2fMC4Ez5JGZ0ybTkEorsTv6Y027ISyGp7QHu0NON2wFA==",
      "hasInstallScript": true,
      "license": "MIT",
      "os": [
        "linux"
      ]
    }
  }
}
